<?xml version="1.0" encoding="utf-8"?>
<Project ToolsVersion="4.0" xmlns="http://schemas.microsoft.com/developer/msbuild/2003">
  <ItemGroup>
    <Filter Include="源文件">
      <UniqueIdentifier>{4FC737F1-C7A5-4376-A066-2A32D752A2FF}</UniqueIdentifier>
      <Extensions>cpp;c;cc;cxx;c++;cppm;ixx;def;odl;idl;hpj;bat;asm;asmx</Extensions>
    </Filter>
    <Filter Include="头文件">
      <UniqueIdentifier>{93995380-89BD-4b04-88EB-625FBE52EBFB}</UniqueIdentifier>
      <Extensions>h;hh;hpp;hxx;h++;hm;inl;inc;ipp;xsd</Extensions>
    </Filter>
    <Filter Include="资源文件">
      <UniqueIdentifier>{67DA6AB6-F800-4c08-8B7A-83BB121AAD01}</UniqueIdentifier>
      <Extensions>rc;ico;cur;bmp;dlg;rc2;rct;bin;rgs;gif;jpg;jpeg;jpe;resx;tiff;tif;png;wav;mfcribbon-ms</Extensions>
    </Filter>
    <Filter Include="头文件\Search">
      <UniqueIdentifier>{a6cf67d2-c710-41c4-b11c-4a174a9607ae}</UniqueIdentifier>
    </Filter>
    <Filter Include="头文件\Sort">
      <UniqueIdentifier>{de214b69-d932-471f-8782-c64ec3fa1c64}</UniqueIdentifier>
    </Filter>
  </ItemGroup>
  <ItemGroup>
    <ClCompile Include="SqList.h">
      <Filter>头文件</Filter>
    </ClCompile>
    <ClCompile Include="源.cpp">
      <Filter>源文件</Filter>
    </ClCompile>
    <ClCompile Include="HuffmanTree.h">
      <Filter>头文件</Filter>
    </ClCompile>
  </ItemGroup>
  <ItemGroup>
    <ClInclude Include="LinkList.h">
      <Filter>头文件</Filter>
    </ClInclude>
    <ClInclude Include="SqStack.h">
      <Filter>头文件</Filter>
    </ClInclude>
    <ClInclude Include="Array.h">
      <Filter>头文件</Filter>
    </ClInclude>
    <ClInclude Include="GList.h">
      <Filter>头文件</Filter>
    </ClInclude>
    <ClInclude Include="String.h">
      <Filter>头文件</Filter>
    </ClInclude>
    <ClInclude Include="LinkBiTree.h">
      <Filter>头文件</Filter>
    </ClInclude>
    <ClInclude Include="ThrBiTree.h">
      <Filter>头文件</Filter>
    </ClInclude>
    <ClInclude Include="DynamicSearchTable.h">
      <Filter>头文件\Search</Filter>
    </ClInclude>
    <ClInclude Include="StraightInsertionSort.h">
      <Filter>头文件\Sort</Filter>
    </ClInclude>
    <ClInclude Include="ShellSort.h">
      <Filter>头文件\Sort</Filter>
    </ClInclude>
    <ClInclude Include="QSort.h">
      <Filter>头文件\Sort</Filter>
    </ClInclude>
    <ClInclude Include="SelectSort.h">
      <Filter>头文件\Sort</Filter>
    </ClInclude>
    <ClInclude Include="HeapSort.h">
      <Filter>头文件\Sort</Filter>
    </ClInclude>
    <ClInclude Include="MergeSort.h">
      <Filter>头文件\Sort</Filter>
    </ClInclude>
  </ItemGroup>
</Project>